
Microsoft Visual Studio Solution File, Format Version 12.00
# Visual Studio Version 17
VisualStudioVersion = 17.4.33213.308
MinimumVisualStudioVersion = 10.0.40219.1
Project("{FAE04EC0-301F-11D3-BF4B-00C04F79EFBC}") = "Wall_Opening_Test", "Wall_Opening_Test\Wall_Opening_Test.csproj", "{453005A2-44C5-42AC-8034-3370F700A7B6}"
EndProject
Global
	GlobalSection(SolutionConfigurationPlatforms) = preSolution
		Debug|Any CPU = Debug|Any CPU
		Release|Any CPU = Release|Any CPU
	EndGlobalSection
	GlobalSection(ProjectConfigurationPlatforms) = postSolution
		{453005A2-44C5-42AC-8034-3370F700A7B6}.Debug|Any CPU.ActiveCfg = Debug|Any CPU
		{453005A2-44C5-42AC-8034-3370F700A7B6}.Debug|Any CPU.Build.0 = Debug|Any CPU
		{453005A2-44C5-42AC-8034-3370F700A7B6}.Release|Any CPU.ActiveCfg = Release|Any CPU
		{453005A2-44C5-42AC-8034-3370F700A7B6}.Release|Any CPU.Build.0 = Release|Any CPU
	EndGlobalSection
	GlobalSection(SolutionProperties) = preSolution
		HideSolutionNode = FALSE
	EndGlobalSection
	GlobalSection(ExtensibilityGlobals) = postSolution
		SolutionGuid = {23667CA9-5BA1-4727-AE8F-91EF34796241}
	EndGlobalSection
EndGlobal
